
Microsoft Visual Studio Solution File, Format Version 12.00
# Visual Studio Version 17
VisualStudioVersion = 17.10.35004.147
MinimumVisualStudioVersion = 10.0.40219.1
Project("{FAE04EC0-301F-11D3-BF4B-00C04F79EFBC}") = "VirtualVendingMachine", "VirtualVendingMachine.csproj", "{FF22A779-F67D-4B74-87DB-01C2DFD41845}"
EndProject
Global
	GlobalSection(SolutionConfigurationPlatforms) = preSolution
		Debug|Any CPU = Debug|Any CPU
		Release|Any CPU = Release|Any CPU
	EndGlobalSection
	GlobalSection(ProjectConfigurationPlatforms) = postSolution
		{FF22A779-F67D-4B74-87DB-01C2DFD41845}.Debug|Any CPU.ActiveCfg = Debug|Any CPU
		{FF22A779-F67D-4B74-87DB-01C2DFD41845}.Debug|Any CPU.Build.0 = Debug|Any CPU
		{FF22A779-F67D-4B74-87DB-01C2DFD41845}.Release|Any CPU.ActiveCfg = Release|Any CPU
		{FF22A779-F67D-4B74-87DB-01C2DFD41845}.Release|Any CPU.Build.0 = Release|Any CPU
	EndGlobalSection
	GlobalSection(SolutionProperties) = preSolution
		HideSolutionNode = FALSE
	EndGlobalSection
	GlobalSection(ExtensibilityGlobals) = postSolution
		SolutionGuid = {1F5D0411-5CE6-43C5-890F-5324D6C68405}
	EndGlobalSection
EndGlobal
